// !$*UTF8*$!
{
	archiveVersion = 1;
	classes = {
	};
	objectVersion = 50;
	objects = {

/* Begin PBXBuildFile section */
		EA2A9A6A212FAAA5002628B8 /* AppDelegate.m in Sources */ = {isa = PBXBuildFile; fileRef = EA2A9A69212FAAA5002628B8 /* AppDelegate.m */; };
		EA2A9A72212FAAA8002628B8 /* Assets.xcassets in Resources */ = {isa = PBXBuildFile; fileRef = EA2A9A71212FAAA8002628B8 /* Assets.xcassets */; };
		EA2A9A75212FAAA8002628B8 /* LaunchScreen.storyboard in Resources */ = {isa = PBXBuildFile; fileRef = EA2A9A73212FAAA8002628B8 /* LaunchScreen.storyboard */; };
		EA2A9A78212FAAA8002628B8 /* main.m in Sources */ = {isa = PBXBuildFile; fileRef = EA2A9A77212FAAA8002628B8 /* main.m */; };
		EA2A9A85212FAB9F002628B8 /* HomeViewController.m in Sources */ = {isa = PBXBuildFile; fileRef = EA2A9A84212FAB9F002628B8 /* HomeViewController.m */; };
		EA2A9A88212FABA8002628B8 /* C2CViewController.m in Sources */ = {isa = PBXBuildFile; fileRef = EA2A9A87212FABA8002628B8 /* C2CViewController.m */; };
		EA2A9A8B212FABAF002628B8 /* TeamViewController.m in Sources */ = {isa = PBXBuildFile; fileRef = EA2A9A8A212FABAF002628B8 /* TeamViewController.m */; };
		EA2A9A8E212FABB5002628B8 /* MineViewController.m in Sources */ = {isa = PBXBuildFile; fileRef = EA2A9A8D212FABB5002628B8 /* MineViewController.m */; };
		EA2A9A91212FAC2C002628B8 /* TabBarController.m in Sources */ = {isa = PBXBuildFile; fileRef = EA2A9A90212FAC2C002628B8 /* TabBarController.m */; };
/* End PBXBuildFile section */

/* Begin PBXFileReference section */
		EA2A9A65212FAAA5002628B8 /* TabBarAnimation.app */ = {isa = PBXFileReference; explicitFileType = wrapper.application; includeInIndex = 0; path = TabBarAnimation.app; sourceTree = BUILT_PRODUCTS_DIR; };
		EA2A9A68212FAAA5002628B8 /* AppDelegate.h */ = {isa = PBXFileReference; lastKnownFileType = sourcecode.c.h; path = AppDelegate.h; sourceTree = "<group>"; };
		EA2A9A69212FAAA5002628B8 /* AppDelegate.m */ = {isa = PBXFileReference; lastKnownFileType = sourcecode.c.objc; path = AppDelegate.m; sourceTree = "<group>"; };
		EA2A9A71212FAAA8002628B8 /* Assets.xcassets */ = {isa = PBXFileReference; lastKnownFileType = folder.assetcatalog; path = Assets.xcassets; sourceTree = "<group>"; };
		EA2A9A74212FAAA8002628B8 /* Base */ = {isa = PBXFileReference; lastKnownFileType = file.storyboard; name = Base; path = Base.lproj/LaunchScreen.storyboard; sourceTree = "<group>"; };
		EA2A9A76212FAAA8002628B8 /* Info.plist */ = {isa = PBXFileReference; lastKnownFileType = text.plist.xml; path = Info.plist; sourceTree = "<group>"; };
		EA2A9A77212FAAA8002628B8 /* main.m */ = {isa = PBXFileReference; lastKnownFileType = sourcecode.c.objc; path = main.m; sourceTree = "<group>"; };
		EA2A9A83212FAB9F002628B8 /* HomeViewController.h */ = {isa = PBXFileReference; lastKnownFileType = sourcecode.c.h; path = HomeViewController.h; sourceTree = "<group>"; };
		EA2A9A84212FAB9F002628B8 /* HomeViewController.m */ = {isa = PBXFileReference; lastKnownFileType = sourcecode.c.objc; path = HomeViewController.m; sourceTree = "<group>"; };
		EA2A9A86212FABA8002628B8 /* C2CViewController.h */ = {isa = PBXFileReference; lastKnownFileType = sourcecode.c.h; path = C2CViewController.h; sourceTree = "<group>"; };
		EA2A9A87212FABA8002628B8 /* C2CViewController.m */ = {isa = PBXFileReference; lastKnownFileType = sourcecode.c.objc; path = C2CViewController.m; sourceTree = "<group>"; };
		EA2A9A89212FABAF002628B8 /* TeamViewController.h */ = {isa = PBXFileReference; lastKnownFileType = sourcecode.c.h; path = TeamViewController.h; sourceTree = "<group>"; };
		EA2A9A8A212FABAF002628B8 /* TeamViewController.m */ = {isa = PBXFileReference; lastKnownFileType = sourcecode.c.objc; path = TeamViewController.m; sourceTree = "<group>"; };
		EA2A9A8C212FABB5002628B8 /* MineViewController.h */ = {isa = PBXFileReference; lastKnownFileType = sourcecode.c.h; path = MineViewController.h; sourceTree = "<group>"; };
		EA2A9A8D212FABB5002628B8 /* MineViewController.m */ = {isa = PBXFileReference; lastKnownFileType = sourcecode.c.objc; path = MineViewController.m; sourceTree = "<group>"; };
		EA2A9A8F212FAC2C002628B8 /* TabBarController.h */ = {isa = PBXFileReference; lastKnownFileType = sourcecode.c.h; path = TabBarController.h; sourceTree = "<group>"; };
		EA2A9A90212FAC2C002628B8 /* TabBarController.m */ = {isa = PBXFileReference; lastKnownFileType = sourcecode.c.objc; path = TabBarController.m; sourceTree = "<group>"; };
/* End PBXFileReference section */

/* Begin PBXFrameworksBuildPhase section */
		EA2A9A62212FAAA5002628B8 /* Frameworks */ = {
			isa = PBXFrameworksBuildPhase;
			buildActionMask = 2147483647;
			files = (
			);
			runOnlyForDeploymentPostprocessing = 0;
		};
/* End PBXFrameworksBuildPhase section */

/* Begin PBXGroup section */
		EA2A9A5C212FAAA5002628B8 = {
			isa = PBXGroup;
			children = (
				EA2A9A67212FAAA5002628B8 /* TabBarAnimation */,
				EA2A9A66212FAAA5002628B8 /* Products */,
			);
			sourceTree = "<group>";
		};
		EA2A9A66212FAAA5002628B8 /* Products */ = {
			isa = PBXGroup;
			children = (
				EA2A9A65212FAAA5002628B8 /* TabBarAnimation.app */,
			);
			name = Products;
			sourceTree = "<group>";
		};
		EA2A9A67212FAAA5002628B8 /* TabBarAnimation */ = {
			isa = PBXGroup;
			children = (
				EA2A9A80212FAAF4002628B8 /* Classes */,
				EA2A9A7E212FAADA002628B8 /* Resources */,
			);
			path = TabBarAnimation;
			sourceTree = "<group>";
		};
		EA2A9A7E212FAADA002628B8 /* Resources */ = {
			isa = PBXGroup;
			children = (
				EA2A9A71212FAAA8002628B8 /* Assets.xcassets */,
				EA2A9A73212FAAA8002628B8 /* LaunchScreen.storyboard */,
				EA2A9A76212FAAA8002628B8 /* Info.plist */,
			);
			path = Resources;
			sourceTree = "<group>";
		};
		EA2A9A7F212FAAE5002628B8 /* System */ = {
			isa = PBXGroup;
			children = (
				EA2A9A68212FAAA5002628B8 /* AppDelegate.h */,
				EA2A9A69212FAAA5002628B8 /* AppDelegate.m */,
				EA2A9A77212FAAA8002628B8 /* main.m */,
			);
			path = System;
			sourceTree = "<group>";
		};
		EA2A9A80212FAAF4002628B8 /* Classes */ = {
			isa = PBXGroup;
			children = (
				EA2A9A82212FAB89002628B8 /* Controller */,
				EA2A9A81212FAB00002628B8 /* TabBar */,
				EA2A9A7F212FAAE5002628B8 /* System */,
			);
			path = Classes;
			sourceTree = "<group>";
		};
		EA2A9A81212FAB00002628B8 /* TabBar */ = {
			isa = PBXGroup;
			children = (
				EA2A9A8F212FAC2C002628B8 /* TabBarController.h */,
				EA2A9A90212FAC2C002628B8 /* TabBarController.m */,
			);
			path = TabBar;
			sourceTree = "<group>";
		};
		EA2A9A82212FAB89002628B8 /* Controller */ = {
			isa = PBXGroup;
			children = (
				EA2A9A83212FAB9F002628B8 /* HomeViewController.h */,
				EA2A9A84212FAB9F002628B8 /* HomeViewController.m */,
				EA2A9A86212FABA8002628B8 /* C2CViewController.h */,
				EA2A9A87212FABA8002628B8 /* C2CViewController.m */,
				EA2A9A89212FABAF002628B8 /* TeamViewController.h */,
				EA2A9A8A212FABAF002628B8 /* TeamViewController.m */,
				EA2A9A8C212FABB5002628B8 /* MineViewController.h */,
				EA2A9A8D212FABB5002628B8 /* MineViewController.m */,
			);
			path = Controller;
			sourceTree = "<group>";
		};
/* End PBXGroup section */

/* Begin PBXNativeTarget section */
		EA2A9A64212FAAA5002628B8 /* TabBarAnimation */ = {
			isa = PBXNativeTarget;
			buildConfigurationList = EA2A9A7B212FAAA8002628B8 /* Build configuration list for PBXNativeTarget "TabBarAnimation" */;
			buildPhases = (
				EA2A9A61212FAAA5002628B8 /* Sources */,
				EA2A9A62212FAAA5002628B8 /* Frameworks */,
				EA2A9A63212FAAA5002628B8 /* Resources */,
			);
			buildRules = (
			);
			dependencies = (
			);
			name = TabBarAnimation;
			productName = TabBarAnimation;
			productReference = EA2A9A65212FAAA5002628B8 /* TabBarAnimation.app */;
			productType = "com.apple.product-type.application";
		};
/* End PBXNativeTarget section */

/* Begin PBXProject section */
		EA2A9A5D212FAAA5002628B8 /* Project object */ = {
			isa = PBXProject;
			attributes = {
				LastUpgradeCheck = 0930;
				ORGANIZATIONNAME = Bruceyuan;
				TargetAttributes = {
					EA2A9A64212FAAA5002628B8 = {
						CreatedOnToolsVersion = 9.3.1;
					};
				};
			};
			buildConfigurationList = EA2A9A60212FAAA5002628B8 /* Build configuration list for PBXProject "TabBarAnimation" */;
			compatibilityVersion = "Xcode 9.3";
			developmentRegion = en;
			hasScannedForEncodings = 0;
			knownRegions = (
				en,
				Base,
			);
			mainGroup = EA2A9A5C212FAAA5002628B8;
			productRefGroup = EA2A9A66212FAAA5002628B8 /* Products */;
			projectDirPath = "";
			projectRoot = "";
			targets = (
				EA2A9A64212FAAA5002628B8 /* TabBarAnimation */,
			);
		};
/* End PBXProject section */

/* Begin PBXResourcesBuildPhase section */
		EA2A9A63212FAAA5002628B8 /* Resources */ = {
			isa = PBXResourcesBuildPhase;
			buildActionMask = 2147483647;
			files = (
				EA2A9A75212FAAA8002628B8 /* LaunchScreen.storyboard in Resources */,
				EA2A9A72212FAAA8002628B8 /* Assets.xcassets in Resources */,
			);
			runOnlyForDeploymentPostprocessing = 0;
		};
/* End PBXResourcesBuildPhase section */

/* Begin PBXSourcesBuildPhase section */
		EA2A9A61212FAAA5002628B8 /* Sources */ = {
			isa = PBXSourcesBuildPhase;
			buildActionMask = 2147483647;
			files = (
				EA2A9A91212FAC2C002628B8 /* TabBarController.m in Sources */,
				EA2A9A8B212FABAF002628B8 /* TeamViewController.m in Sources */,
				EA2A9A78212FAAA8002628B8 /* main.m in Sources */,
				EA2A9A88212FABA8002628B8 /* C2CViewController.m in Sources */,
				EA2A9A8E212FABB5002628B8 /* MineViewController.m in Sources */,
				EA2A9A6A212FAAA5002628B8 /* AppDelegate.m in Sources */,
				EA2A9A85212FAB9F002628B8 /* HomeViewController.m in Sources */,
			);
			runOnlyForDeploymentPostprocessing = 0;
		};
/* End PBXSourcesBuildPhase section */

/* Begin PBXVariantGroup section */
		EA2A9A73212FAAA8002628B8 /* LaunchScreen.storyboard */ = {
			isa = PBXVariantGroup;
			children = (
				EA2A9A74212FAAA8002628B8 /* Base */,
			);
			name = LaunchScreen.storyboard;
			sourceTree = "<group>";
		};
/* End PBXVariantGroup section */

/* Begin XCBuildConfiguration section */
		EA2A9A79212FAAA8002628B8 /* Debug */ = {
			isa = XCBuildConfiguration;
			buildSettings = {
				ALWAYS_SEARCH_USER_PATHS = NO;
				CLANG_ANALYZER_NONNULL = YES;
				CLANG_ANALYZER_NUMBER_OBJECT_CONVERSION = YES_AGGRESSIVE;
				CLANG_CXX_LANGUAGE_STANDARD = "gnu++14";
				CLANG_CXX_LIBRARY = "libc++";
				CLANG_ENABLE_MODULES = YES;
				CLANG_ENABLE_OBJC_ARC = YES;
				CLANG_ENABLE_OBJC_WEAK = YES;
				CLANG_WARN_BLOCK_CAPTURE_AUTORELEASING = YES;
				CLANG_WARN_BOOL_CONVERSION = YES;
				CLANG_WARN_COMMA = YES;
				CLANG_WARN_CONSTANT_CONVERSION = YES;
				CLANG_WARN_DEPRECATED_OBJC_IMPLEMENTATIONS = YES;
				CLANG_WARN_DIRECT_OBJC_ISA_USAGE = YES_ERROR;
				CLANG_WARN_DOCUMENTATION_COMMENTS = YES;
				CLANG_WARN_EMPTY_BODY = YES;
				CLANG_WARN_ENUM_CONVERSION = YES;
				CLANG_WARN_INFINITE_RECURSION = YES;
				CLANG_WARN_INT_CONVERSION = YES;
				CLANG_WARN_NON_LITERAL_NULL_CONVERSION = YES;
				CLANG_WARN_OBJC_IMPLICIT_RETAIN_SELF = YES;
				CLANG_WARN_OBJC_LITERAL_CONVERSION = YES;
				CLANG_WARN_OBJC_ROOT_CLASS = YES_ERROR;
				CLANG_WARN_RANGE_LOOP_ANALYSIS = YES;
				CLANG_WARN_STRICT_PROTOTYPES = YES;
				CLANG_WARN_SUSPICIOUS_MOVE = YES;
				CLANG_WARN_UNGUARDED_AVAILABILITY = YES_AGGRESSIVE;
				CLANG_WARN_UNREACHABLE_CODE = YES;
				CLANG_WARN__DUPLICATE_METHOD_MATCH = YES;
				CODE_SIGN_IDENTITY = "iPhone Developer";
				COPY_PHASE_STRIP = NO;
				DEBUG_INFORMATION_FORMAT = dwarf;
				ENABLE_STRICT_OBJC_MSGSEND = YES;
				ENABLE_TESTABILITY = YES;
				GCC_C_LANGUAGE_STANDARD = gnu11;
				GCC_DYNAMIC_NO_PIC = NO;
				GCC_NO_COMMON_BLOCKS = YES;
				GCC_OPTIMIZATION_LEVEL = 0;
				GCC_PREPROCESSOR_DEFINITIONS = (
					"DEBUG=1",
					"$(inherited)",
				);
				GCC_WARN_64_TO_32_BIT_CONVERSION = YES;
				GCC_WARN_ABOUT_RETURN_TYPE = YES_ERROR;
				GCC_WARN_UNDECLARED_SELECTOR = YES;
				GCC_WARN_UNINITIALIZED_AUTOS = YES_AGGRESSIVE;
				GCC_WARN_UNUSED_FUNCTION = YES;
				GCC_WARN_UNUSED_VARIABLE = YES;
				IPHONEOS_DEPLOYMENT_TARGET = 8.0;
				MTL_ENABLE_DEBUG_INFO = YES;
				ONLY_ACTIVE_ARCH = YES;
				SDKROOT = iphoneos;
			};
			name = Debug;
		};
		EA2A9A7A212FAAA8002628B8 /* Release */ = {
			isa = XCBuildConfiguration;
			buildSettings = {
				ALWAYS_SEARCH_USER_PATHS = NO;
				CLANG_ANALYZER_NONNULL = YES;
				CLANG_ANALYZER_NUMBER_OBJECT_CONVERSION = YES_AGGRESSIVE;
				CLANG_CXX_LANGUAGE_STANDARD = "gnu++14";
				CLANG_CXX_LIBRARY = "libc++";
				CLANG_ENABLE_MODULES = YES;
				CLANG_ENABLE_OBJC_ARC = YES;
				CLANG_ENABLE_OBJC_WEAK = YES;
				CLANG_WARN_BLOCK_CAPTURE_AUTORELEASING = YES;
				CLANG_WARN_BOOL_CONVERSION = YES;
				CLANG_WARN_COMMA = YES;
				CLANG_WARN_CONSTANT_CONVERSION = YES;
				CLANG_WARN_DEPRECATED_OBJC_IMPLEMENTATIONS = YES;
				CLANG_WARN_DIRECT_OBJC_ISA_USAGE = YES_ERROR;
				CLANG_WARN_DOCUMENTATION_COMMENTS = YES;
				CLANG_WARN_EMPTY_BODY = YES;
				CLANG_WARN_ENUM_CONVERSION = YES;
				CLANG_WARN_INFINITE_RECURSION = YES;
				CLANG_WARN_INT_CONVERSION = YES;
				CLANG_WARN_NON_LITERAL_NULL_CONVERSION = YES;
				CLANG_WARN_OBJC_IMPLICIT_RETAIN_SELF = YES;
				CLANG_WARN_OBJC_LITERAL_CONVERSION = YES;
				CLANG_WARN_OBJC_ROOT_CLASS = YES_ERROR;
				CLANG_WARN_RANGE_LOOP_ANALYSIS = YES;
				CLANG_WARN_STRICT_PROTOTYPES = YES;
				CLANG_WARN_SUSPICIOUS_MOVE = YES;
				CLANG_WARN_UNGUARDED_AVAILABILITY = YES_AGGRESSIVE;
				CLANG_WARN_UNREACHABLE_CODE = YES;
				CLANG_WARN__DUPLICATE_METHOD_MATCH = YES;
				CODE_SIGN_IDENTITY = "iPhone Developer";
				COPY_PHASE_STRIP = NO;
				DEBUG_INFORMATION_FORMAT = "dwarf-with-dsym";
				ENABLE_NS_ASSERTIONS = NO;
				ENABLE_STRICT_OBJC_MSGSEND = YES;
				GCC_C_LANGUAGE_STANDARD = gnu11;
				GCC_NO_COMMON_BLOCKS = YES;
				GCC_WARN_64_TO_32_BIT_CONVERSION = YES;
				GCC_WARN_ABOUT_RETURN_TYPE = YES_ERROR;
				GCC_WARN_UNDECLARED_SELECTOR = YES;
				GCC_WARN_UNINITIALIZED_AUTOS = YES_AGGRESSIVE;
				GCC_WARN_UNUSED_FUNCTION = YES;
				GCC_WARN_UNUSED_VARIABLE = YES;
				IPHONEOS_DEPLOYMENT_TARGET = 8.0;
				MTL_ENABLE_DEBUG_INFO = NO;
				SDKROOT = iphoneos;
				VALIDATE_PRODUCT = YES;
			};
			name = Release;
		};
		EA2A9A7C212FAAA8002628B8 /* Debug */ = {
			isa = XCBuildConfiguration;
			buildSettings = {
				ASSETCATALOG_COMPILER_APPICON_NAME = AppIcon;
				CODE_SIGN_STYLE = Automatic;
				DEVELOPMENT_TEAM = T868H8UY96;
				INFOPLIST_FILE = "$(SRCROOT)/TabBarAnimation/Resources/Info.plist";
				LD_RUNPATH_SEARCH_PATHS = (
					"$(inherited)",
					"@executable_path/Frameworks",
				);
				PRODUCT_BUNDLE_IDENTIFIER = com.bruceyuan.tabbaranimation.TabBarAnimation;
				PRODUCT_NAME = "$(TARGET_NAME)";
				TARGETED_DEVICE_FAMILY = 1;
			};
			name = Debug;
		};
		EA2A9A7D212FAAA8002628B8 /* Release */ = {
			isa = XCBuildConfiguration;
			buildSettings = {
				ASSETCATALOG_COMPILER_APPICON_NAME = AppIcon;
				CODE_SIGN_STYLE = Automatic;
				DEVELOPMENT_TEAM = T868H8UY96;
				INFOPLIST_FILE = "$(SRCROOT)/TabBarAnimation/Resources/Info.plist";
				LD_RUNPATH_SEARCH_PATHS = (
					"$(inherited)",
					"@executable_path/Frameworks",
				);
				PRODUCT_BUNDLE_IDENTIFIER = com.bruceyuan.tabbaranimation.TabBarAnimation;
				PRODUCT_NAME = "$(TARGET_NAME)";
				TARGETED_DEVICE_FAMILY = 1;
			};
			name = Release;
		};
/* End XCBuildConfiguration section */

/* Begin XCConfigurationList section */
		EA2A9A60212FAAA5002628B8 /* Build configuration list for PBXProject "TabBarAnimation" */ = {
			isa = XCConfigurationList;
			buildConfigurations = (
				EA2A9A79212FAAA8002628B8 /* Debug */,
				EA2A9A7A212FAAA8002628B8 /* Release */,
			);
			defaultConfigurationIsVisible = 0;
			defaultConfigurationName = Release;
		};
		EA2A9A7B212FAAA8002628B8 /* Build configuration list for PBXNativeTarget "TabBarAnimation" */ = {
			isa = XCConfigurationList;
			buildConfigurations = (
				EA2A9A7C212FAAA8002628B8 /* Debug */,
				EA2A9A7D212FAAA8002628B8 /* Release */,
			);
			defaultConfigurationIsVisible = 0;
			defaultConfigurationName = Release;
		};
/* End XCConfigurationList section */
	};
	rootObject = EA2A9A5D212FAAA5002628B8 /* Project object */;
}
